
Microsoft Visual Studio Solution File, Format Version 12.00
# Visual Studio Version 17
VisualStudioVersion = 17.11.35208.52
MinimumVisualStudioVersion = 10.0.40219.1
Project("{888888A0-9F3D-457C-B088-3A5042F75D52}") = "amigoSecreto", "amigoSecreto.pyproj", "{B136B629-917F-4E4E-AE2E-B7C8BDF44F39}"
EndProject
Global
	GlobalSection(SolutionConfigurationPlatforms) = preSolution
		Debug|Any CPU = Debug|Any CPU
		Release|Any CPU = Release|Any CPU
	EndGlobalSection
	GlobalSection(ProjectConfigurationPlatforms) = postSolution
		{B136B629-917F-4E4E-AE2E-B7C8BDF44F39}.Debug|Any CPU.ActiveCfg = Debug|Any CPU
		{B136B629-917F-4E4E-AE2E-B7C8BDF44F39}.Release|Any CPU.ActiveCfg = Release|Any CPU
	EndGlobalSection
	GlobalSection(SolutionProperties) = preSolution
		HideSolutionNode = FALSE
	EndGlobalSection
	GlobalSection(ExtensibilityGlobals) = postSolution
		SolutionGuid = {A00119DC-1B66-4DD9-BF17-DE5F06162D94}
	EndGlobalSection
EndGlobal
